
Microsoft Visual Studio Solution File, Format Version 12.00
# Visual Studio Version 17
VisualStudioVersion = 17.14.36429.23 d17.14
MinimumVisualStudioVersion = 10.0.40219.1
Project("{FAE04EC0-301F-11D3-BF4B-00C04F79EFBC}") = "Front_Hoteleria", "Front_Hoteleria\Front_Hoteleria.csproj", "{0A415B3A-4DB4-4940-9E90-357D7DBBFFEF}"
EndProject
Global
	GlobalSection(SolutionConfigurationPlatforms) = preSolution
		Debug|Any CPU = Debug|Any CPU
		Release|Any CPU = Release|Any CPU
	EndGlobalSection
	GlobalSection(ProjectConfigurationPlatforms) = postSolution
		{0A415B3A-4DB4-4940-9E90-357D7DBBFFEF}.Debug|Any CPU.ActiveCfg = Debug|Any CPU
		{0A415B3A-4DB4-4940-9E90-357D7DBBFFEF}.Debug|Any CPU.Build.0 = Debug|Any CPU
		{0A415B3A-4DB4-4940-9E90-357D7DBBFFEF}.Release|Any CPU.ActiveCfg = Release|Any CPU
		{0A415B3A-4DB4-4940-9E90-357D7DBBFFEF}.Release|Any CPU.Build.0 = Release|Any CPU
	EndGlobalSection
	GlobalSection(SolutionProperties) = preSolution
		HideSolutionNode = FALSE
	EndGlobalSection
	GlobalSection(ExtensibilityGlobals) = postSolution
		SolutionGuid = {4A81DCFB-3789-4590-BC6B-2299FBDF586E}
	EndGlobalSection
EndGlobal
